
Microsoft Visual Studio Solution File, Format Version 12.00
# Visual Studio Version 17
VisualStudioVersion = 17.0.32112.339
MinimumVisualStudioVersion = 10.0.40219.1
Project("{FAE04EC0-301F-11D3-BF4B-00C04F79EFBC}") = "Tutorial2", "Tutorial2.csproj", "{F1D29FF2-3802-4A56-A529-F9E71DAAC259}"
EndProject
Global
	GlobalSection(SolutionConfigurationPlatforms) = preSolution
		Debug|Any CPU = Debug|Any CPU
		Release|Any CPU = Release|Any CPU
	EndGlobalSection
	GlobalSection(ProjectConfigurationPlatforms) = postSolution
		{F1D29FF2-3802-4A56-A529-F9E71DAAC259}.Debug|Any CPU.ActiveCfg = Debug|Any CPU
		{F1D29FF2-3802-4A56-A529-F9E71DAAC259}.Debug|Any CPU.Build.0 = Debug|Any CPU
		{F1D29FF2-3802-4A56-A529-F9E71DAAC259}.Release|Any CPU.ActiveCfg = Release|Any CPU
		{F1D29FF2-3802-4A56-A529-F9E71DAAC259}.Release|Any CPU.Build.0 = Release|Any CPU
	EndGlobalSection
	GlobalSection(SolutionProperties) = preSolution
		HideSolutionNode = FALSE
	EndGlobalSection
	GlobalSection(ExtensibilityGlobals) = postSolution
		SolutionGuid = {A32907F2-8C28-4243-845E-2F15CF763188}
	EndGlobalSection
EndGlobal
